
Microsoft Visual Studio Solution File, Format Version 12.00
# Visual Studio 15
VisualStudioVersion = 15.0.28307.421
MinimumVisualStudioVersion = 10.0.40219.1
Project("{FAE04EC0-301F-11D3-BF4B-00C04F79EFBC}") = "PropertiesInCSharp", "PropertiesInCSharp\PropertiesInCSharp.csproj", "{099765D2-4827-40E2-8FA5-6B055043D6AA}"
EndProject
Global
	GlobalSection(SolutionConfigurationPlatforms) = preSolution
		Debug|Any CPU = Debug|Any CPU
		Release|Any CPU = Release|Any CPU
	EndGlobalSection
	GlobalSection(ProjectConfigurationPlatforms) = postSolution
		{099765D2-4827-40E2-8FA5-6B055043D6AA}.Debug|Any CPU.ActiveCfg = Debug|Any CPU
		{099765D2-4827-40E2-8FA5-6B055043D6AA}.Debug|Any CPU.Build.0 = Debug|Any CPU
		{099765D2-4827-40E2-8FA5-6B055043D6AA}.Release|Any CPU.ActiveCfg = Release|Any CPU
		{099765D2-4827-40E2-8FA5-6B055043D6AA}.Release|Any CPU.Build.0 = Release|Any CPU
	EndGlobalSection
	GlobalSection(SolutionProperties) = preSolution
		HideSolutionNode = FALSE
	EndGlobalSection
	GlobalSection(ExtensibilityGlobals) = postSolution
		SolutionGuid = {DDEA0D70-4E32-4712-A835-B3DA8FAA786C}
	EndGlobalSection
EndGlobal
