
Microsoft Visual Studio Solution File, Format Version 12.00
# Visual Studio 15
VisualStudioVersion = 15.0.28307.421
MinimumVisualStudioVersion = 10.0.40219.1
Project("{FAE04EC0-301F-11D3-BF4B-00C04F79EFBC}") = "IntroductionToCSharp", "IntroductionToCSharp\IntroductionToCSharp.csproj", "{D74BBE47-3CD5-423F-A8DE-2BBB7150AEB7}"
EndProject
Global
	GlobalSection(SolutionConfigurationPlatforms) = preSolution
		Debug|Any CPU = Debug|Any CPU
		Release|Any CPU = Release|Any CPU
	EndGlobalSection
	GlobalSection(ProjectConfigurationPlatforms) = postSolution
		{D74BBE47-3CD5-423F-A8DE-2BBB7150AEB7}.Debug|Any CPU.ActiveCfg = Debug|Any CPU
		{D74BBE47-3CD5-423F-A8DE-2BBB7150AEB7}.Debug|Any CPU.Build.0 = Debug|Any CPU
		{D74BBE47-3CD5-423F-A8DE-2BBB7150AEB7}.Release|Any CPU.ActiveCfg = Release|Any CPU
		{D74BBE47-3CD5-423F-A8DE-2BBB7150AEB7}.Release|Any CPU.Build.0 = Release|Any CPU
	EndGlobalSection
	GlobalSection(SolutionProperties) = preSolution
		HideSolutionNode = FALSE
	EndGlobalSection
	GlobalSection(ExtensibilityGlobals) = postSolution
		SolutionGuid = {0D7C162F-1888-4F6D-8146-4B8F78DA45F9}
	EndGlobalSection
EndGlobal
