
Microsoft Visual Studio Solution File, Format Version 12.00
# Visual Studio 15
VisualStudioVersion = 15.0.28307.421
MinimumVisualStudioVersion = 10.0.40219.1
Project("{FAE04EC0-301F-11D3-BF4B-00C04F79EFBC}") = "DebuggingInCSharp", "DebuggingInCSharp\DebuggingInCSharp.csproj", "{0A8F5DDE-75DF-4947-B9FD-DC05DF0AB6E5}"
EndProject
Global
	GlobalSection(SolutionConfigurationPlatforms) = preSolution
		Debug|Any CPU = Debug|Any CPU
		Release|Any CPU = Release|Any CPU
	EndGlobalSection
	GlobalSection(ProjectConfigurationPlatforms) = postSolution
		{0A8F5DDE-75DF-4947-B9FD-DC05DF0AB6E5}.Debug|Any CPU.ActiveCfg = Debug|Any CPU
		{0A8F5DDE-75DF-4947-B9FD-DC05DF0AB6E5}.Debug|Any CPU.Build.0 = Debug|Any CPU
		{0A8F5DDE-75DF-4947-B9FD-DC05DF0AB6E5}.Release|Any CPU.ActiveCfg = Release|Any CPU
		{0A8F5DDE-75DF-4947-B9FD-DC05DF0AB6E5}.Release|Any CPU.Build.0 = Release|Any CPU
	EndGlobalSection
	GlobalSection(SolutionProperties) = preSolution
		HideSolutionNode = FALSE
	EndGlobalSection
	GlobalSection(ExtensibilityGlobals) = postSolution
		SolutionGuid = {459BDC57-6495-47C8-B5AE-174F7148F410}
	EndGlobalSection
EndGlobal
